
Microsoft Visual Studio Solution File, Format Version 12.00
# Visual Studio Version 16
VisualStudioVersion = 16.0.31702.278
MinimumVisualStudioVersion = 10.0.40219.1
Project("{FAE04EC0-301F-11D3-BF4B-00C04F79EFBC}") = "Metrics", "Metrics\Metrics.csproj", "{6648F283-D298-4D9F-AA3D-BDB9C9DF44A0}"
EndProject
Global
	GlobalSection(SolutionConfigurationPlatforms) = preSolution
		Debug|Any CPU = Debug|Any CPU
		Release|Any CPU = Release|Any CPU
	EndGlobalSection
	GlobalSection(ProjectConfigurationPlatforms) = postSolution
		{6648F283-D298-4D9F-AA3D-BDB9C9DF44A0}.Debug|Any CPU.ActiveCfg = Debug|Any CPU
		{6648F283-D298-4D9F-AA3D-BDB9C9DF44A0}.Debug|Any CPU.Build.0 = Debug|Any CPU
		{6648F283-D298-4D9F-AA3D-BDB9C9DF44A0}.Release|Any CPU.ActiveCfg = Release|Any CPU
		{6648F283-D298-4D9F-AA3D-BDB9C9DF44A0}.Release|Any CPU.Build.0 = Release|Any CPU
	EndGlobalSection
	GlobalSection(SolutionProperties) = preSolution
		HideSolutionNode = FALSE
	EndGlobalSection
	GlobalSection(ExtensibilityGlobals) = postSolution
		SolutionGuid = {ABBB6020-6197-43E4-A93C-D769AFC0354A}
	EndGlobalSection
EndGlobal
